{
  "lockfile_version": "1",
  "packages": {
    "cmake@latest": {
      "last_modified": "2025-11-23T21:50:36Z",
      "resolved": "github:NixOS/nixpkgs/ee09932cedcef15aaf476f9343d1dea2cb77e261#cmake",
      "source": "devbox-search",
      "version": "4.1.2",
      "systems": {
        "aarch64-darwin": {
          "outputs": [
            {
              "name": "out",
              "path": "/nix/store/0v5vpvwbl94qv9447jz995i4n9mx4l63-cmake-4.1.2",
              "default": true
            }
          ],
          "store_path": "/nix/store/0v5vpvwbl94qv9447jz995i4n9mx4l63-cmake-4.1.2"
        },
        "aarch64-linux": {
          "outputs": [
            {
              "name": "out",
              "path": "/nix/store/ipjw0mbzcycidbw62gsz47cgivqxm2lv-cmake-4.1.2",
              "default": true
            },
            {
              "name": "debug",
              "path": "/nix/store/4m6l2qb5s7vyirybbn3c5k1rv2dww1vy-cmake-4.1.2-debug"
            }
          ],
          "store_path": "/nix/store/ipjw0mbzcycidbw62gsz47cgivqxm2lv-cmake-4.1.2"
        },
        "x86_64-darwin": {
          "outputs": [
            {
              "name": "out",
              "path": "/nix/store/i7c7r2g0zycvi7wh3rnw1dx3aglbvw2d-cmake-4.1.2",
              "default": true
            }
          ],
          "store_path": "/nix/store/i7c7r2g0zycvi7wh3rnw1dx3aglbvw2d-cmake-4.1.2"
        },
        "x86_64-linux": {
          "outputs": [
            {
              "name": "out",
              "path": "/nix/store/w9jm660dykns6hzrdhxmqfywnc9ail8g-cmake-4.1.2",
              "default": true
            },
            {
              "name": "debug",
              "path": "/nix/store/pnizhra0882ijp3nilvzdzbaa0ayq4hd-cmake-4.1.2-debug"
            }
          ],
          "store_path": "/nix/store/w9jm660dykns6hzrdhxmqfywnc9ail8g-cmake-4.1.2"
        }
      }
    },
    "github:NixOS/nixpkgs/nixpkgs-unstable": {
      "last_modified": "2026-08-14T15:04:01Z",
      "resolved": "github:NixOS/nixpkgs/8be7bd0c83f12e2e3bbba07c9044d6fed9e66f7f?lastModified=1786719841"
    },
    "gren@0.6": {
      "last_modified": "2026-08-12T11:28:58Z",
      "resolved": "github:NixOS/nixpkgs/044bfe75bfe4c7bbe043dc17b5e42ea823b84a09#gren",
      "source": "devbox-search",
      "version": "0.6.6",
      "systems": {
        "aarch64-darwin": {
          "outputs": [
            {
              "name": "out",
              "path": "/nix/store/ildhapr2xzpgiifvb1k7hc8p857aq0hj-gren-0.6.6",
              "default": true
            }
          ],
          "store_path": "/nix/store/ildhapr2xzpgiifvb1k7hc8p857aq0hj-gren-0.6.6"
        },
        "aarch64-linux": {
          "outputs": [
            {
              "name": "out",
              "path": "/nix/store/zvjhn07rkm231y89jbwp6ciwyl4xghdb-gren-0.6.6",
              "default": true
            }
          ],
          "store_path": "/nix/store/zvjhn07rkm231y89jbwp6ciwyl4xghdb-gren-0.6.6"
        },
        "x86_64-darwin": {
          "outputs": [
            {
              "name": "out",
              "path": "/nix/store/56y0sjs175cqpwdfvq00yy29ibcyzbc8-gren-0.6.6",
              "default": true
            }
          ],
          "store_path": "/nix/store/56y0sjs175cqpwdfvq00yy29ibcyzbc8-gren-0.6.6"
        },
        "x86_64-linux": {
          "outputs": [
            {
              "name": "out",
              "path": "/nix/store/cfq81cxif30w7dcjwpf0sf01xpdxrh0g-gren-0.6.6",
              "default": true
            }
          ],
          "store_path": "/nix/store/cfq81cxif30w7dcjwpf0sf01xpdxrh0g-gren-0.6.6"
        }
      }
    },
    "ncurses@latest": {
      "last_modified": "2026-08-12T11:28:58Z",
      "resolved": "github:NixOS/nixpkgs/044bfe75bfe4c7bbe043dc17b5e42ea823b84a09#ncurses",
      "source": "devbox-search",
      "version": "6.6",
      "systems": {
        "aarch64-darwin": {
          "outputs": [
            {
              "name": "out",
              "path": "/nix/store/382l3srb7dy2s7hs1xvkrf359vckp668-ncurses-6.6",
              "default": true
            },
            {
              "name": "man",
              "path": "/nix/store/favi106zrml6zcw4rmzmif546nb9fyrf-ncurses-6.6-man",
              "default": true
            },
            {
              "name": "dev",
              "path": "/nix/store/kd3vcijfw3rsdr5lmara6sz1bjks08b4-ncurses-6.6-dev"
            }
          ],
          "store_path": "/nix/store/382l3srb7dy2s7hs1xvkrf359vckp668-ncurses-6.6"
        },
        "aarch64-linux": {
          "outputs": [
            {
              "name": "out",
              "path": "/nix/store/ah5m9c4ffy0m45h68ls77xr6m4c6rmg9-ncurses-6.6",
              "default": true
            },
            {
              "name": "man",
              "path": "/nix/store/1wpp3c87m4wcqsrkwfn1bxx4q9ql9aci-ncurses-6.6-man",
              "default": true
            },
            {
              "name": "dev",
              "path": "/nix/store/m0fz5n1ihmwg8c89wx6icw4y74pw16xx-ncurses-6.6-dev"
            }
          ],
          "store_path": "/nix/store/ah5m9c4ffy0m45h68ls77xr6m4c6rmg9-ncurses-6.6"
        },
        "x86_64-darwin": {
          "outputs": [
            {
              "name": "out",
              "path": "/nix/store/symm9pkvr4js8s8jhppf4cp9v268z5xw-ncurses-6.6",
              "default": true
            },
            {
              "name": "man",
              "path": "/nix/store/hlflv58vv9jj3wvzdyljzxfz5kjdjab6-ncurses-6.6-man",
              "default": true
            },
            {
              "name": "dev",
              "path": "/nix/store/2v7dmd0wz8wb4a35xzffj98w2nq4p4ld-ncurses-6.6-dev"
            }
          ],
          "store_path": "/nix/store/symm9pkvr4js8s8jhppf4cp9v268z5xw-ncurses-6.6"
        },
        "x86_64-linux": {
          "outputs": [
            {
              "name": "out",
              "path": "/nix/store/zlvs6miv8wfki399pmxri7x0sjd3429c-ncurses-6.6",
              "default": true
            },
            {
              "name": "man",
              "path": "/nix/store/apvmhb4j4ngigzhsp3qqdnl8ik7ryn3d-ncurses-6.6-man",
              "default": true
            },
            {
              "name": "dev",
              "path": "/nix/store/95ybh1gp460fpy1x8yg2wwaqsw3ciqnx-ncurses-6.6-dev"
            }
          ],
          "store_path": "/nix/store/zlvs6miv8wfki399pmxri7x0sjd3429c-ncurses-6.6"
        }
      }
    },
    "nodejs@22": {
      "last_modified": "2026-08-12T11:28:58Z",
      "plugin_version": "0.0.4",
      "resolved": "github:NixOS/nixpkgs/044bfe75bfe4c7bbe043dc17b5e42ea823b84a09#nodejs_22",
      "source": "devbox-search",
      "version": "22.23.2",
      "systems": {
        "aarch64-darwin": {
          "outputs": [
            {
              "name": "out",
              "path": "/nix/store/ns9a9c245s35mxq4arv4pyf3jvb2dh0i-nodejs-22.23.2",
              "default": true
            }
          ],
          "store_path": "/nix/store/ns9a9c245s35mxq4arv4pyf3jvb2dh0i-nodejs-22.23.2"
        },
        "aarch64-linux": {
          "outputs": [
            {
              "name": "out",
              "path": "/nix/store/3xbw25h18j51wl7xd28ini307d07wfrh-nodejs-22.23.2",
              "default": true
            }
          ],
          "store_path": "/nix/store/3xbw25h18j51wl7xd28ini307d07wfrh-nodejs-22.23.2"
        },
        "x86_64-linux": {
          "outputs": [
            {
              "name": "out",
              "path": "/nix/store/hyw97nxddgxfc6ag6db87rnawss2pw1a-nodejs-22.23.2",
              "default": true
            }
          ],
          "store_path": "/nix/store/hyw97nxddgxfc6ag6db87rnawss2pw1a-nodejs-22.23.2"
        }
      }
    },
    "pkg-config@latest": {
      "last_modified": "2025-11-23T21:50:36Z",
      "resolved": "github:NixOS/nixpkgs/ee09932cedcef15aaf476f9343d1dea2cb77e261#pkg-config",
      "source": "devbox-search",
      "version": "0.29.2",
      "systems": {
        "aarch64-darwin": {
          "outputs": [
            {
              "name": "out",
              "path": "/nix/store/hygaaqwk9ylklp0ybwppqhw75nz8ya41-pkg-config-wrapper-0.29.2",
              "default": true
            },
            {
              "name": "man",
              "path": "/nix/store/9px0sji43x3r2w4zxl3j3idwsql7lwxx-pkg-config-wrapper-0.29.2-man",
              "default": true
            },
            {
              "name": "doc",
              "path": "/nix/store/hqk44ra6qxw7iixardl6c3hdgb9kq6ns-pkg-config-wrapper-0.29.2-doc"
            }
          ],
          "store_path": "/nix/store/hygaaqwk9ylklp0ybwppqhw75nz8ya41-pkg-config-wrapper-0.29.2"
        },
        "aarch64-linux": {
          "outputs": [
            {
              "name": "out",
              "path": "/nix/store/lbiigi8qbp7mzf1lpr7p982l1kyf01ql-pkg-config-wrapper-0.29.2",
              "default": true
            },
            {
              "name": "man",
              "path": "/nix/store/10060k24qggqyzlwdsfmni9y32zxcg0j-pkg-config-wrapper-0.29.2-man",
              "default": true
            },
            {
              "name": "doc",
              "path": "/nix/store/0y4v51ndpyvkj09hwlfqkz0c3h17zfmc-pkg-config-wrapper-0.29.2-doc"
            }
          ],
          "store_path": "/nix/store/lbiigi8qbp7mzf1lpr7p982l1kyf01ql-pkg-config-wrapper-0.29.2"
        },
        "x86_64-darwin": {
          "outputs": [
            {
              "name": "out",
              "path": "/nix/store/vknadizq0q5kffvx6y4379p9gdry9zq3-pkg-config-wrapper-0.29.2",
              "default": true
            },
            {
              "name": "man",
              "path": "/nix/store/1nyspra675q22gfhf7hn2nmfpi6rgim5-pkg-config-wrapper-0.29.2-man",
              "default": true
            },
            {
              "name": "doc",
              "path": "/nix/store/7lq1axxwrafwljs06n88bzyz9w523rkc-pkg-config-wrapper-0.29.2-doc"
            }
          ],
          "store_path": "/nix/store/vknadizq0q5kffvx6y4379p9gdry9zq3-pkg-config-wrapper-0.29.2"
        },
        "x86_64-linux": {
          "outputs": [
            {
              "name": "out",
              "path": "/nix/store/8vdiwpbh0g4avsd6x5v4s0di32vcl3dp-pkg-config-wrapper-0.29.2",
              "default": true
            },
            {
              "name": "man",
              "path": "/nix/store/j9xfpnrygg3v37svc5pfin9q5bm49r94-pkg-config-wrapper-0.29.2-man",
              "default": true
            },
            {
              "name": "doc",
              "path": "/nix/store/x3bypxdxaq20kykybhkf21x4jczsiy8y-pkg-config-wrapper-0.29.2-doc"
            }
          ],
          "store_path": "/nix/store/8vdiwpbh0g4avsd6x5v4s0di32vcl3dp-pkg-config-wrapper-0.29.2"
        }
      }
    }
  }
}
