{
  "name": "predc",
  "version": "0.1.0",
  "lockfileVersion": 3,
  "requires": true,
  "packages": {
    "": {
      "name": "predc",
      "version": "0.1.0",
      "dependencies": {
        "gren-tvision": "file:../gren-tvision-runtime"
      },
      "bin": {
        "predc": "bin/predc.js"
      }
    },
    "../gren-tvision-runtime": {
      "name": "gren-tvision",
      "version": "0.0.1",
      "dependencies": {
        "tvision-node": "file:../tvision-node"
      },
      "bin": {
        "gren-tui": "bin/gren-tui.js"
      }
    },
    "node_modules/gren-tvision": {
      "resolved": "../gren-tvision-runtime",
      "link": true
    }
  }
}
