{
  "name": "gren-tvision",
  "version": "0.0.1",
  "lockfileVersion": 3,
  "requires": true,
  "packages": {
    "": {
      "name": "gren-tvision",
      "version": "0.0.1",
      "dependencies": {
        "tvision-node": "file:../tvision-node"
      },
      "bin": {
        "gren-tui": "bin/gren-tui.js"
      }
    },
    "../tvision-node": {
      "version": "0.0.1",
      "hasInstallScript": true,
      "dependencies": {
        "node-addon-api": "^8.5.0"
      },
      "devDependencies": {
        "node-gyp": "^11.0.0"
      }
    },
    "node_modules/tvision-node": {
      "resolved": "../tvision-node",
      "link": true
    }
  }
}
